
Microsoft Visual Studio Solution File, Format Version 12.00
# Visual Studio Version 17
VisualStudioVersion = 17.5.2.0
MinimumVisualStudioVersion = 10.0.40219.1
Project("{FAE04EC0-301F-11D3-BF4B-00C04F79EFBC}") = "azure-web-app", "azure-web-app\azure-web-app.csproj", "{1C46B3B7-2417-3BCF-0F17-E1AA98EA1C44}"
EndProject
Project("{FAE04EC0-301F-11D3-BF4B-00C04F79EFBC}") = "VideoStreamingApp", "VideoStreamingApp\VideoStreamingApp.csproj", "{D9986C34-6FE8-4DF4-93C0-3B21186BF238}"
EndProject
Global
	GlobalSection(SolutionConfigurationPlatforms) = preSolution
		Debug|Any CPU = Debug|Any CPU
		Debug|x64 = Debug|x64
		Debug|x86 = Debug|x86
		Release|Any CPU = Release|Any CPU
		Release|x64 = Release|x64
		Release|x86 = Release|x86
	EndGlobalSection
	GlobalSection(ProjectConfigurationPlatforms) = postSolution
		{1C46B3B7-2417-3BCF-0F17-E1AA98EA1C44}.Debug|Any CPU.ActiveCfg = Debug|Any CPU
		{1C46B3B7-2417-3BCF-0F17-E1AA98EA1C44}.Debug|Any CPU.Build.0 = Debug|Any CPU
		{1C46B3B7-2417-3BCF-0F17-E1AA98EA1C44}.Debug|x64.ActiveCfg = Debug|Any CPU
		{1C46B3B7-2417-3BCF-0F17-E1AA98EA1C44}.Debug|x64.Build.0 = Debug|Any CPU
		{1C46B3B7-2417-3BCF-0F17-E1AA98EA1C44}.Debug|x86.ActiveCfg = Debug|Any CPU
		{1C46B3B7-2417-3BCF-0F17-E1AA98EA1C44}.Debug|x86.Build.0 = Debug|Any CPU
		{1C46B3B7-2417-3BCF-0F17-E1AA98EA1C44}.Release|Any CPU.ActiveCfg = Release|Any CPU
		{1C46B3B7-2417-3BCF-0F17-E1AA98EA1C44}.Release|Any CPU.Build.0 = Release|Any CPU
		{1C46B3B7-2417-3BCF-0F17-E1AA98EA1C44}.Release|x64.ActiveCfg = Release|Any CPU
		{1C46B3B7-2417-3BCF-0F17-E1AA98EA1C44}.Release|x64.Build.0 = Release|Any CPU
		{1C46B3B7-2417-3BCF-0F17-E1AA98EA1C44}.Release|x86.ActiveCfg = Release|Any CPU
		{1C46B3B7-2417-3BCF-0F17-E1AA98EA1C44}.Release|x86.Build.0 = Release|Any CPU
		{D9986C34-6FE8-4DF4-93C0-3B21186BF238}.Debug|Any CPU.ActiveCfg = Debug|Any CPU
		{D9986C34-6FE8-4DF4-93C0-3B21186BF238}.Debug|Any CPU.Build.0 = Debug|Any CPU
		{D9986C34-6FE8-4DF4-93C0-3B21186BF238}.Debug|x64.ActiveCfg = Debug|Any CPU
		{D9986C34-6FE8-4DF4-93C0-3B21186BF238}.Debug|x64.Build.0 = Debug|Any CPU
		{D9986C34-6FE8-4DF4-93C0-3B21186BF238}.Debug|x86.ActiveCfg = Debug|Any CPU
		{D9986C34-6FE8-4DF4-93C0-3B21186BF238}.Debug|x86.Build.0 = Debug|Any CPU
		{D9986C34-6FE8-4DF4-93C0-3B21186BF238}.Release|Any CPU.ActiveCfg = Release|Any CPU
		{D9986C34-6FE8-4DF4-93C0-3B21186BF238}.Release|Any CPU.Build.0 = Release|Any CPU
		{D9986C34-6FE8-4DF4-93C0-3B21186BF238}.Release|x64.ActiveCfg = Release|Any CPU
		{D9986C34-6FE8-4DF4-93C0-3B21186BF238}.Release|x64.Build.0 = Release|Any CPU
		{D9986C34-6FE8-4DF4-93C0-3B21186BF238}.Release|x86.ActiveCfg = Release|Any CPU
		{D9986C34-6FE8-4DF4-93C0-3B21186BF238}.Release|x86.Build.0 = Release|Any CPU
	EndGlobalSection
	GlobalSection(SolutionProperties) = preSolution
		HideSolutionNode = FALSE
	EndGlobalSection
	GlobalSection(ExtensibilityGlobals) = postSolution
		SolutionGuid = {CDA12B4C-4419-4B9C-BB64-399BDE84FA6F}
	EndGlobalSection
EndGlobal
