Microsoft Visual Studio Solution File, Format Version 12.00
# Visual Studio Version 17
VisualStudioVersion = 17.5.2.0
MinimumVisualStudioVersion = 10.0.40219.1
Project("{FAE04EC0-301F-11D3-BF4B-00C04F79EFBC}") = "1-SingleResponsibility", "1-SingleResponsibility.csproj", "{EFB5426F-CD1D-B74A-B450-E9CFF057DA29}"
EndProject
Global
	GlobalSection(SolutionConfigurationPlatforms) = preSolution
		Debug|Any CPU = Debug|Any CPU
		Release|Any CPU = Release|Any CPU
	EndGlobalSection
	GlobalSection(ProjectConfigurationPlatforms) = postSolution
		{EFB5426F-CD1D-B74A-B450-E9CFF057DA29}.Debug|Any CPU.ActiveCfg = Debug|Any CPU
		{EFB5426F-CD1D-B74A-B450-E9CFF057DA29}.Debug|Any CPU.Build.0 = Debug|Any CPU
		{EFB5426F-CD1D-B74A-B450-E9CFF057DA29}.Release|Any CPU.ActiveCfg = Release|Any CPU
		{EFB5426F-CD1D-B74A-B450-E9CFF057DA29}.Release|Any CPU.Build.0 = Release|Any CPU
	EndGlobalSection
	GlobalSection(SolutionProperties) = preSolution
		HideSolutionNode = FALSE
	EndGlobalSection
	GlobalSection(ExtensibilityGlobals) = postSolution
		SolutionGuid = {50592F77-8C2E-456A-A69F-BCA93FC2E74E}
	EndGlobalSection
EndGlobal
