Microsoft Visual Studio Solution File, Format Version 12.00
# Visual Studio Version 17
VisualStudioVersion = 17.5.2.0
MinimumVisualStudioVersion = 10.0.40219.1
Project("{FAE04EC0-301F-11D3-BF4B-00C04F79EFBC}") = "3-Liskov", "3-Liskov.csproj", "{EE4BEC61-5CEA-871B-20EB-DDE8DF5DF654}"
EndProject
Global
	GlobalSection(SolutionConfigurationPlatforms) = preSolution
		Debug|Any CPU = Debug|Any CPU
		Release|Any CPU = Release|Any CPU
	EndGlobalSection
	GlobalSection(ProjectConfigurationPlatforms) = postSolution
		{EE4BEC61-5CEA-871B-20EB-DDE8DF5DF654}.Debug|Any CPU.ActiveCfg = Debug|Any CPU
		{EE4BEC61-5CEA-871B-20EB-DDE8DF5DF654}.Debug|Any CPU.Build.0 = Debug|Any CPU
		{EE4BEC61-5CEA-871B-20EB-DDE8DF5DF654}.Release|Any CPU.ActiveCfg = Release|Any CPU
		{EE4BEC61-5CEA-871B-20EB-DDE8DF5DF654}.Release|Any CPU.Build.0 = Release|Any CPU
	EndGlobalSection
	GlobalSection(SolutionProperties) = preSolution
		HideSolutionNode = FALSE
	EndGlobalSection
	GlobalSection(ExtensibilityGlobals) = postSolution
		SolutionGuid = {226A9D44-0E7B-4DB2-B860-F11536C487C4}
	EndGlobalSection
EndGlobal
