Microsoft Visual Studio Solution File, Format Version 12.00
# Visual Studio Version 17
VisualStudioVersion = 17.5.2.0
MinimumVisualStudioVersion = 10.0.40219.1
Project("{FAE04EC0-301F-11D3-BF4B-00C04F79EFBC}") = "5-DependencyInversion", "5-DependencyInversion.csproj", "{32E92F88-1F77-109F-8F03-8B01CFDCABFD}"
EndProject
Global
	GlobalSection(SolutionConfigurationPlatforms) = preSolution
		Debug|Any CPU = Debug|Any CPU
		Release|Any CPU = Release|Any CPU
	EndGlobalSection
	GlobalSection(ProjectConfigurationPlatforms) = postSolution
		{32E92F88-1F77-109F-8F03-8B01CFDCABFD}.Debug|Any CPU.ActiveCfg = Debug|Any CPU
		{32E92F88-1F77-109F-8F03-8B01CFDCABFD}.Debug|Any CPU.Build.0 = Debug|Any CPU
		{32E92F88-1F77-109F-8F03-8B01CFDCABFD}.Release|Any CPU.ActiveCfg = Release|Any CPU
		{32E92F88-1F77-109F-8F03-8B01CFDCABFD}.Release|Any CPU.Build.0 = Release|Any CPU
	EndGlobalSection
	GlobalSection(SolutionProperties) = preSolution
		HideSolutionNode = FALSE
	EndGlobalSection
	GlobalSection(ExtensibilityGlobals) = postSolution
		SolutionGuid = {795E8BC8-AADF-4301-B63E-CCAA13541655}
	EndGlobalSection
EndGlobal
